# This file is automatically generated. DO NOT EDIT
timestamp = "2025-11-26T09:40:08.164638138Z"
arch = "amd64"
hash = "blake3-qiXGRa9YOapaPPzLsiXjLkHu5gG/+hoIee9+we95yEY="
locals = ["""
Package: debrepo
Version: 0.0.0-1
Architecture: amd64
Section: utility
Priority: optional
Maintainer: Alekséi Naidénov <alexey.naidyonov@gmail.com>
Installed-Size: 9285
Depends: libc6 (>= 2.39), libcurl4t64 (>= 7.18.0), libgpg-error0 (>= 1.14), libgpgme11t64 (>= 1.23.2), liblzma5 (>= 5.4.0)
Description: [generated from Rust crate debrepo]
 This is an experiment not suitable for any production use.
 .
 checkout + overlay + exec_ns
 .
 erofs checkout + overlay (composefs) + exec_ns
 .
 checkout + podman
Filename: target/debian/debrepo_0.0.0-1_amd64.deb
SHA256: 7a6eeab9dc94bf6da3716759402e2ef4246dc68a70a75de15a7b4f4f928d74bc
Size: 2693248
"""]

[[sources]]

[[sources.suites]]

[sources.suites.release]
path = "dists/trixie/InRelease"
hash = "blake3-QwZAuBqUFemAQ19kVmkQnlD8txF6MKpRUa3405gbsRg="
size = 140464

[[sources.suites.packages]]
path = "dists/trixie/main/binary-amd64/Packages.xz"
hash = "sha256-g7f+tKljUXAC4gxJfzSC8+j0GbiwRZjonv25tYuvxtU="
size = 9669724

[[sources.suites]]

[sources.suites.release]
path = "dists/trixie-updates/InRelease"
hash = "blake3-o4oLmMhZn4SbYV03uqYKqkSTPtu0jXNLVyviyh2NWt0="
size = 47340

[[sources.suites.packages]]
path = "dists/trixie-updates/main/binary-amd64/Packages.xz"
hash = "sha256-qQxhV5al34PTyNtPzhezVaS9Qal6yOEmScqW+sy+bKs="
size = 5412

[[sources.suites]]

[sources.suites.release]
path = "dists/trixie-backports/InRelease"
hash = "blake3-s0P2BBGQQeNXaQKAgUGKrhU0iSLA7Bwpp5MUK9MAz6U="
size = 53961

[[sources.suites.packages]]
path = "dists/trixie-backports/main/binary-amd64/Packages.xz"
hash = "sha256-4cmRn8UR0bGQzLP0PfyeZQMzrWj9K/3csZ/usQ8DR8Q="
size = 116920

[[sources]]

[[sources.suites]]

[sources.suites.release]
path = "dists/trixie-security/InRelease"
hash = "blake3-G8A5gltjVw3DxKMrAlpIeHgo/SI/TQ9ohKxN5MTqpXA="
size = 43409

[[sources.suites.packages]]
path = "dists/trixie-security/main/binary-amd64/Packages.xz"
hash = "sha256-xYOyZzHfw4js8SHYH2vGJb/hGtSsvBY5aGSw3bginig="
size = 72128

[specs.abc]
hash = "blake3-+D5EgUcc/YqkXJbTEZuVwbOdUOTXHFkV6Raf2wrFBlw="

[[specs.abc.installables]]
src = 0
idx = 1895
name = "base-files"
order = 0
path = "pool/main/b/base-files/base-files_13.8+deb13u2_amd64.deb"
hash = "sha256-ZuaoCoh5LYxURnOU9PALVtSdlq480J/a/y9m+VOp1y8="
size = 73248

[[specs.abc.installables]]
src = 0
idx = 1896
name = "base-passwd"
order = 0
path = "pool/main/b/base-passwd/base-passwd_3.6.7_amd64.deb"
hash = "sha256-zzHGlWq19lgV2dnqFhXE947NKJPDERllgkikdWzug+c="
size = 53712

[[specs.abc.installables]]
src = 0
idx = 1905
name = "bash"
order = 0
path = "pool/main/b/bash/bash_5.2.37-2+b5_amd64.deb"
hash = "sha256-KXD7c/T7CKXj0odfzDQD3KW1eiL8gCHhAoHJ8Nl2iLY="
size = 1500068

[[specs.abc.installables]]
src = 0
idx = 65871
name = "bsdutils"
order = 0
path = "pool/main/u/util-linux/bsdutils_2.41-5_amd64.deb"
hash = "sha256-RUhxjC/UFSSGvg3nyrFgJ8rvVnjlLiAOUd7SZfyolik="
size = 110260

[[specs.abc.installables]]
src = 0
idx = 4971
name = "coreutils"
order = 0
path = "pool/main/c/coreutils/coreutils_9.7-3_amd64.deb"
hash = "sha256-Epmrb5OJoojrL1890iLCbMd3uaLV7LbuTL00DOvNraI="
size = 3023556

[[specs.abc.installables]]
src = 0
idx = 5768
name = "dash"
order = 0
path = "pool/main/d/dash/dash_0.5.12-12_amd64.deb"
hash = "sha256-qJAstthlATR2SiX7gK7IWJ2FjvcezhaApi6EgWw3uwQ="
size = 98504

[[specs.abc.installables]]
src = 0
idx = 6371
name = "debianutils"
order = 0
path = "pool/main/d/debianutils/debianutils_5.23.2_amd64.deb"
hash = "sha256-cg5D/aMWZ2B2SYtCJK0zGASd6v5gzHxgEBEEjeA+6X0="
size = 92360

[[specs.abc.installables]]
src = 0
idx = 6718
name = "diffutils"
order = 0
path = "pool/main/d/diffutils/diffutils_3.10-4_amd64.deb"
hash = "sha256-00EmafeuU7qJXDpQliDqdJTsGjb6ogTFIVRCztOBpHk="
size = 386504

[[specs.abc.installables]]
src = 0
idx = 7511
name = "dpkg"
order = 0
path = "pool/main/d/dpkg/dpkg_1.22.21_amd64.deb"
hash = "sha256-njJlnO5UryuXJJHqY+Lv9bVnAMTdyx8RFjxedy1vOA4="
size = 1537532

[[specs.abc.installables]]
src = 0
idx = 9742
name = "findutils"
order = 0
path = "pool/main/f/findutils/findutils_4.10.0-3_amd64.deb"
hash = "sha256-Pt8CsBZFa2qYzv26uZxc5vgpt4b2Ov/pcLreoiGuz8c="
size = 700008

[[specs.abc.installables]]
src = 0
idx = 19562
name = "grep"
order = 0
path = "pool/main/g/grep/grep_3.11-4_amd64.deb"
hash = "sha256-LXjtB9hqUw6/U48FyyQV83yNr5CFlrwy/CVjzH6IxVo="
size = 431488

[[specs.abc.installables]]
src = 0
idx = 20158
name = "gzip"
order = 0
path = "pool/main/g/gzip/gzip_1.13-1_amd64.deb"
hash = "sha256-yYsRMPCO9qw5MpcsVr6Ez8MIzhr6NxBcsGqvR87S0Hg="
size = 138408

[[specs.abc.installables]]
src = 0
idx = 23889
name = "hostname"
order = 0
path = "pool/main/h/hostname/hostname_3.25_amd64.deb"
hash = "sha256-nCon5dTYcTchH+RmMbBbLuiJLsdqrpJjBORIW6AuEBU="
size = 11024

[[specs.abc.installables]]
src = 0
idx = 24652
name = "init-system-helpers"
order = 0
path = "pool/main/i/init-system-helpers/init-system-helpers_1.69~deb13u1_all.deb"
hash = "sha256-rd94Bz4cvFpVCJN+EdJXEFXimDXgDuj6tSpmd1ZJN48="
size = 39360

[[specs.abc.installables]]
src = 0
idx = 15960
name = "libc-bin"
order = 0
path = "pool/main/g/glibc/libc-bin_2.41-12_amd64.deb"
hash = "sha256-CAyWq020XiiVJTlz9nY28kJrL7/IN6N+fh117vMR4VM="
size = 636504

[[specs.abc.installables]]
src = 0
idx = 40580
name = "ncurses-base"
order = 0
path = "pool/main/n/ncurses/ncurses-base_6.5+20250216-2_all.deb"
hash = "sha256-GQ53UmCjiXPEFaNq6Z8zrRs36mypmSnXxdU4Q/wj6RQ="
size = 273216

[[specs.abc.installables]]
src = 0
idx = 40581
name = "ncurses-bin"
order = 0
path = "pool/main/n/ncurses/ncurses-bin_6.5+20250216-2_amd64.deb"
hash = "sha256-QKUl9HYentS4rc0Xg8uaZGf/gAghWumbNZeCW978YeQ="
size = 438372

[[specs.abc.installables]]
src = 0
idx = 45714
name = "perl-base"
order = 0
path = "pool/main/p/perl/perl-base_5.40.1-6_amd64.deb"
hash = "sha256-lPEGBhOmZtxWkCaoNEvuICujsp7BJNxu8wv8cuc1x4s="
size = 1665744

[[specs.abc.installables]]
src = 0
idx = 60730
name = "sed"
order = 0
path = "pool/main/s/sed/sed_4.9-2_amd64.deb"
hash = "sha256-UNF12WjuYmsSEO9ujEPFl7kSyjDySfaGwMIZUy0qU1Q="
size = 329212

[[specs.abc.installables]]
src = 0
idx = 63222
name = "sysvinit-utils"
order = 0
path = "pool/main/s/sysvinit/sysvinit-utils_3.14-4_amd64.deb"
hash = "sha256-x+lXNg3/iWdbSR5QGwAEfPdQaVF4yrqxZ8kvwmDTWOw="
size = 34060

[[specs.abc.installables]]
src = 0
idx = 63324
name = "tar"
order = 0
path = "pool/main/t/tar/tar_1.35+dfsg-3.1_amd64.deb"
hash = "sha256-IUwC4aopEHajFHuKTEyuAvrfTGffYpGG4+MTcm+u8d4="
size = 814968

[[specs.abc.installables]]
src = 0
idx = 65890
name = "util-linux"
order = 0
path = "pool/main/u/util-linux/util-linux_2.41-5_amd64.deb"
hash = "sha256-R/w5P+1BBkKInIYWSSghnAOeW0PYI6oy4duzQe7x2cU="
size = 1234568

[[specs.abc.installables]]
src = 0
idx = 13354
name = "gcc-14-base"
order = 1
path = "pool/main/g/gcc-14/gcc-14-base_14.2.0-19_amd64.deb"
hash = "sha256-W2gl3kJjgkt4xMUfZHZBTztOicKrY+gdyLm1UB6GfPY="
size = 49432

[[specs.abc.installables]]
src = 0
idx = 15964
name = "libc6"
order = 2
path = "pool/main/g/glibc/libc6_2.41-12_amd64.deb"
hash = "sha256-bP+AEJfNDrISa2DlM/N6/ceEVu+s3yv65ih38Ax5XQs="
size = 2845840

[[specs.abc.installables]]
src = 0
idx = 13427
name = "libgcc-s1"
order = 2
path = "pool/main/g/gcc-14/libgcc-s1_14.2.0-19_amd64.deb"
hash = "sha256-PHGRe0kNGheu1DGWonh6JW7PBgUmzbICFqdL7cBhsVA="
size = 72772

[[specs.abc.installables]]
src = 0
idx = 65876
name = "libblkid1"
order = 3
path = "pool/main/u/util-linux/libblkid1_2.41-5_amd64.deb"
hash = "sha256-vtk/EZQlJOUzgHTEbM43YZd0BjW/B0XMt9JZ4PbOcRc="
size = 171276

[[specs.abc.installables]]
src = 0
idx = 45505
name = "libpcre2-8-0"
order = 4
path = "pool/main/p/pcre2/libpcre2-8-0_10.46-1~deb13u1_amd64.deb"
hash = "sha256-aqRSr2oH40SYv45zToeJyd1gL7NPElcuYtwbukiJpg4="
size = 298536

[[specs.abc.installables]]
src = 0
idx = 34575
name = "libselinux1"
order = 5
path = "pool/main/libs/libselinux/libselinux1_3.8.1-1_amd64.deb"
hash = "sha256-aLuNMr2NbX0vWVKhadsD0UhLRq4eUqvM3sQqGdzOpdU="
size = 84680

[[specs.abc.installables]]
src = 0
idx = 65882
name = "libmount1"
order = 6
path = "pool/main/u/util-linux/libmount1_2.41-5_amd64.deb"
hash = "sha256-zZ78et3SVWBi9tFItQLjimTgjAqyIIBiGc//2GXw9vY="
size = 208788

[[specs.abc.installables]]
src = 0
idx = 65885
name = "libsmartcols1"
order = 7
path = "pool/main/u/util-linux/libsmartcols1_2.41-5_amd64.deb"
hash = "sha256-IqyL1hjBGCfmnXENqLZj4Hd307CZab2grbloyIblGpc="
size = 142692

[[specs.abc.installables]]
src = 0
idx = 65888
name = "mount"
order = 8
path = "pool/main/u/util-linux/mount_2.41-5_amd64.deb"
hash = "sha256-LKis6w521Q2NhBXnGM2fH4wXNYu76cViIXfmllQ5wlY="
size = 162040

[[specs.abc.installables]]
src = 0
idx = 60900
name = "login.defs"
order = 9
path = "pool/main/s/shadow/login.defs_4.17.4-2_all.deb"
hash = "sha256-tLu4JCy/VYjeeq/rnVeKPe4dsokfREq0VP0wvYDM8rQ="
size = 186124

[[specs.abc.installables]]
src = 0
idx = 1534
name = "libaudit-common"
order = 10
path = "pool/main/a/audit/libaudit-common_4.0.2-2_all.deb"
hash = "sha256-tu3NeqNqKloavSxSlm1pqZ7r22nI9cszy/QVsIdXdeM="
size = 12692

[[specs.abc.installables]]
src = 0
idx = 28473
name = "libcap-ng0"
order = 11
path = "pool/main/libc/libcap-ng/libcap-ng0_0.8.5-4+b1_amd64.deb"
hash = "sha256-IKnksGGaPrJWYzgiO+0TXd5aYB6qL4/dXyC5RQat3Kw="
size = 17584

[[specs.abc.installables]]
src = 0
idx = 1536
name = "libaudit1"
order = 12
path = "pool/main/a/audit/libaudit1_4.0.2-2+b2_amd64.deb"
hash = "sha256-5cIAxvnbDQ5XZsXK1mpob0bHZJhoQ1+6lmzbC+WbQvI="
size = 55080

[[specs.abc.installables]]
src = 0
idx = 36306
name = "libcrypt1"
order = 13
path = "pool/main/libx/libxcrypt/libcrypt1_4.4.38-1_amd64.deb"
hash = "sha256-DrwUTWYuMZeYLRvzp7izXKhF5UxogR3gMosfDXxnWFw="
size = 90072

[[specs.abc.installables]]
src = 0
idx = 5837
name = "libdb5.3t64"
order = 14
path = "pool/main/d/db5.3/libdb5.3t64_5.3.28+dfsg2-9_amd64.deb"
hash = "sha256-GNAlEO54tn5FBLoFAXZ5eiAP8kIUp80xgIKrYK178/w="
size = 703676

[[specs.abc.installables]]
src = 0
idx = 5992
name = "debconf"
order = 15
path = "pool/main/d/debconf/debconf_1.5.91_all.deb"
hash = "sha256-Hdx+bFkl90ju+3yoEdmOBJ8YwVi7IfvH4SImLOYBHkk="
size = 121088

[[specs.abc.installables]]
src = 0
idx = 45127
name = "libpam0g"
order = 16
path = "pool/main/p/pam/libpam0g_1.7.0-5_amd64.deb"
hash = "sha256-T1veJ9jfLebqiZAxm0LZl09Wo7qZB85ylv0PiWT8n7E="
size = 69880

[[specs.abc.installables]]
src = 0
idx = 28477
name = "libcap2"
order = 17
path = "pool/main/libc/libcap2/libcap2_2.75-10+b1_amd64.deb"
hash = "sha256-jw1195tuao2n03VdXL7i/zCJLeQR43rAPm3umbggfOI="
size = 28752

[[specs.abc.installables]]
src = 0
idx = 63170
name = "libsystemd0"
order = 18
path = "pool/main/s/systemd/libsystemd0_257.9-1~deb13u1_amd64.deb"
hash = "sha256-fwHk9IkE4zdo2v2a6K/jpcRTxHnTEMKnMul5sih/KTI="
size = 453448

[[specs.abc.installables]]
src = 0
idx = 45125
name = "libpam-modules-bin"
order = 19
path = "pool/main/p/pam/libpam-modules-bin_1.7.0-5_amd64.deb"
hash = "sha256-zHIGbQCERDF3OOjpMdYTGzAUZrTi3V71uqdfsaRdYac="
size = 49116

[[specs.abc.installables]]
src = 0
idx = 45124
name = "libpam-modules"
order = 20
path = "pool/main/p/pam/libpam-modules_1.7.0-5_amd64.deb"
hash = "sha256-lnmt4Rf4d1rARx9IqSZSq46NzaTi/wbedRWM3tnP2Dw="
size = 178696

[[specs.abc.installables]]
src = 0
idx = 45126
name = "libpam-runtime"
order = 21
path = "pool/main/p/pam/libpam-runtime_1.7.0-5_all.deb"
hash = "sha256-sCeSye1hdNtpWmU7le82Kf2sOnO6Hv8XVKsWG1cRv78="
size = 248720

[[specs.abc.installables]]
src = 0
idx = 65887
name = "login"
order = 22
path = "pool/main/u/util-linux/login_4.16.0-2+really2.41-5_amd64.deb"
hash = "sha256-YobVLraCnmJTqL2Tv4aG+xzuzLA/m0YbslqzXGc5bDU="
size = 112096

[[specs.abc.installables]]
src = 0
idx = 65279
name = "tzdata"
order = 23
path = "pool/main/t/tzdata/tzdata_2025b-4+deb13u1_all.deb"
hash = "sha256-Gah/UYRQP7Xu/+l71+EH4ZOsKBB3iaHoUzHtk4EEDxc="
size = 259720

[[specs.abc.installables]]
src = 0
idx = 156
name = "libacl1"
order = 24
path = "pool/main/a/acl/libacl1_2.3.2-2+b1_amd64.deb"
hash = "sha256-CAdPAeOEvAfAwteaWM9KZSP3HPddGAgQHHlhdlbJo50="
size = 32860

[[specs.abc.installables]]
src = 0
idx = 1503
name = "libattr1"
order = 25
path = "pool/main/a/attr/libattr1_2.5.2-3_amd64.deb"
hash = "sha256-YGte4S6ieGvmB6F/QMH7XmXHbOr/ZmZb34+MbBtx0fs="
size = 22876

[[specs.abc.installables]]
src = 0
idx = 32169
name = "libmd0"
order = 26
path = "pool/main/libm/libmd/libmd0_1.1.0-2+b1_amd64.deb"
hash = "sha256-ckTsODm2H6wMGIT+CKqgQPJujx818fXTSC6s79MNG0Q="
size = 36272

[[specs.abc.installables]]
src = 0
idx = 28374
name = "libbsd0"
order = 27
path = "pool/main/libb/libbsd/libbsd0_0.12.2-2_amd64.deb"
hash = "sha256-5ahZhvpr7DMHqxvIYHNrR4szGIK8ReF2dae9+I7stDo="
size = 130968

[[specs.abc.installables]]
src = 0
idx = 34580
name = "libsemanage-common"
order = 28
path = "pool/main/libs/libsemanage/libsemanage-common_3.8.1-1_all.deb"
hash = "sha256-ZTddiGdJwja9HaTZmQt8JGnS/mYBmijlYU9oFDdtPcs="
size = 7812

[[specs.abc.installables]]
src = 0
idx = 3162
name = "libbz2-1.0"
order = 29
path = "pool/main/b/bzip2/libbz2-1.0_1.0.8-6_amd64.deb"
hash = "sha256-y6TNoEJEteSBuxVSS8PJg6fRtvMwATubOBcGovy2UxA="
size = 37912

[[specs.abc.installables]]
src = 0
idx = 34590
name = "libsepol2"
order = 30
path = "pool/main/libs/libsepol/libsepol2_3.8.1-1_amd64.deb"
hash = "sha256-NZXS06bSRpXnlT9PAM3+aXTJJC2ajf7omY53+/eyugk="
size = 295588

[[specs.abc.installables]]
src = 0
idx = 34582
name = "libsemanage2"
order = 31
path = "pool/main/libs/libsemanage/libsemanage2_3.8.1-1_amd64.deb"
hash = "sha256-+X2nUF0XrTvdj8VjAiVt9+FY5eDYsCy3ZmVBmcvEBqk="
size = 95284

[[specs.abc.installables]]
src = 0
idx = 60901
name = "passwd"
order = 32
path = "pool/main/s/shadow/passwd_4.17.4-2_amd64.deb"
hash = "sha256-xervQcaUfSiI+jRi94en4CFYuZe9ARkVQoP0JbpXuLg="
size = 1228860

[[specs.abc.installables]]
src = 0
idx = 38659
name = "mawk"
order = 33
path = "pool/main/m/mawk/mawk_1.3.4.20250131-1_amd64.deb"
hash = "sha256-reFEcMTf+JIbymyoseog6twPIXi0jK/zx0U0sXpjMpI="
size = 140808

[[specs.abc.installables]]
src = 0
idx = 16259
name = "libgmp10"
order = 34
path = "pool/main/g/gmp/libgmp10_6.3.0+dfsg-3_amd64.deb"
hash = "sha256-0NAmXrAXcPF6/Q98jAYi+AR53Pu+E2U6DevuxhRk5iI="
size = 560220

[[specs.abc.installables]]
src = 0
idx = 40774
name = "libnettle8t64"
order = 35
path = "pool/main/n/nettle/libnettle8t64_3.10.1-1_amd64.deb"
hash = "sha256-GwPUqc2cgUO6UP5jlvNpN+kBoxfUktF59FloYsFzHP4="
size = 305436

[[specs.abc.installables]]
src = 0
idx = 40773
name = "libhogweed6t64"
order = 36
path = "pool/main/n/nettle/libhogweed6t64_3.10.1-1_amd64.deb"
hash = "sha256-sFntFVEVrAnaKVMi3kjuHtWO9fpF7cyeEv8OlGNu8l8="
size = 335240

[[specs.abc.installables]]
src = 0
idx = 59342
name = "sqv"
order = 37
path = "pool/main/r/rust-sequoia-sqv/sqv_1.3.0-3_amd64.deb"
hash = "sha256-rXzObM0LLQmXWSMOfFXYsS+HMniI/+rEDfntBr8zDvc="
size = 660872

[[specs.abc.installables]]
src = 0
idx = 68203
name = "libxxhash0"
order = 38
path = "pool/main/x/xxhash/libxxhash0_0.8.3-2_amd64.deb"
hash = "sha256-gdpwZNVvwET120uzwegP9QpJhty7+A2VjuylZbRMFX8="
size = 27096

[[specs.abc.installables]]
src = 0
idx = 38019
name = "liblz4-1"
order = 39
path = "pool/main/l/lz4/liblz4-1_1.10.0-4_amd64.deb"
hash = "sha256-wx7Ex8gnVaOLLz/gZvwMVRjMkaYBomj7zRm9rLHyLh4="
size = 63900

[[specs.abc.installables]]
src = 0
idx = 68222
name = "liblzma5"
order = 40
path = "pool/main/x/xz-utils/liblzma5_5.8.1-1_amd64.deb"
hash = "sha256-OkuGPmJHixiVkJxdO3GdoDldb+baRvIhjbKwQ24P6JI="
size = 309344

[[specs.abc.installables]]
src = 0
idx = 36649
name = "libzstd1"
order = 41
path = "pool/main/libz/libzstd/libzstd1_1.5.7+dfsg-1_amd64.deb"
hash = "sha256-L2oq6s/JJeuosArJE5vEv8z4yssJ65PeBnB0smlI7vk="
size = 303836

[[specs.abc.installables]]
src = 0
idx = 68631
name = "zlib1g"
order = 42
path = "pool/main/z/zlib/zlib1g_1.3.dfsg+really1.3.1-1+b1_amd64.deb"
hash = "sha256-AVvnQNYjatEUWC3qUAwdkH8p4W1tsAVmyjL7aNcayQ0="
size = 88892

[[specs.abc.installables]]
src = 0
idx = 44513
name = "libssl3t64"
order = 43
path = "pool/main/o/openssl/libssl3t64_3.5.4-1~deb13u1_amd64.deb"
hash = "sha256-f8nwNy+SceqtSdvjc/hYiXhTuwLu9vMPJREs6/L0r9A="
size = 2440776

[[specs.abc.installables]]
src = 0
idx = 44516
name = "openssl-provider-legacy"
order = 43
path = "pool/main/o/openssl/openssl-provider-legacy_3.5.4-1~deb13u1_amd64.deb"
hash = "sha256-CkADv9JEK4aQjhpibPRhWa81qngwir0xhlFf34x/BWs="
size = 307960

[[specs.abc.installables]]
src = 0
idx = 13452
name = "libstdc++6"
order = 44
path = "pool/main/g/gcc-14/libstdc++6_14.2.0-19_amd64.deb"
hash = "sha256-qx+gWDeqepKq50j9B6GKNffRi7SnHEck/iu/DjIIneA="
size = 713628

[[specs.abc.installables]]
src = 0
idx = 63172
name = "libudev1"
order = 45
path = "pool/main/s/systemd/libudev1_257.9-1~deb13u1_amd64.deb"
hash = "sha256-ICASa+yhSQi1B/+7KWbkErkXZVq163cPHOLVziFAA0Q="
size = 151816

[[specs.abc.installables]]
src = 0
idx = 1071
name = "libapt-pkg7.0"
order = 46
path = "pool/main/a/apt/libapt-pkg7.0_3.0.3_amd64.deb"
hash = "sha256-/cyfeAx95GbH8AOObiQsc8tjyPn+J4GjGFosgQmEqwo="
size = 1112916

[[specs.abc.installables]]
src = 0
idx = 6009
name = "debian-archive-keyring"
order = 47
path = "pool/main/d/debian-archive-keyring/debian-archive-keyring_2025.1_all.deb"
hash = "sha256-nqd3jkQxRMpJBmhzeoqyLdPnSLuZ6AXiLsBVq+s8f6w="
size = 179244

[[specs.abc.installables]]
src = 0
idx = 34557
name = "libseccomp2"
order = 48
path = "pool/main/libs/libseccomp/libseccomp2_2.6.0-2_amd64.deb"
hash = "sha256-idUTjgX7aoa5r9i1TcD7SxT0wnwF5sX3Z8ITK9+AhTE="
size = 51712

[[specs.abc.installables]]
src = 0
idx = 1065
name = "apt"
order = 49
path = "pool/main/a/apt/apt_3.0.3_amd64.deb"
hash = "sha256-VeNB++ktdQLJj68bPCNTk+oHRNsRnPIXNgPpZbZYrvQ="
size = 1452192

[[specs.abc.installables]]
src = 0
idx = 54364
name = "readline-common"
order = 50
path = "pool/main/r/readline/readline-common_8.2-6_all.deb"
hash = "sha256-936KoL8N5hjxHLCyFlik7WDxd9Y7PPJtf8Nwa20Oqqk="
size = 69360

[[specs.abc.installables]]
src = 0
idx = 40579
name = "libtinfo6"
order = 51
path = "pool/main/n/ncurses/libtinfo6_6.5+20250216-2_amd64.deb"
hash = "sha256-i59qeYPpQYVk5IpidRjeTAORe1bv5o1/PpO9j/+hzBA="
size = 348380

[[specs.abc.installables]]
src = 0
idx = 54363
name = "libreadline8t64"
order = 52
path = "pool/main/r/readline/libreadline8t64_8.2-6_amd64.deb"
hash = "sha256-7q3ytedVyfGDiD/uotm1soVgKEJ11fVNPlXQkjsdCWc="
size = 168832

[[specs.abc.installables]]
src = 0
idx = 1952
name = "bc"
order = 53
path = "pool/main/b/bc/bc_1.07.1-4_amd64.deb"
hash = "sha256-0FWhHw+cX4/nizHVAsAd/kbd+cJPdTqt2tqv+V/Mda0="
size = 103196

[[specs.abc.installables]]
src = 0
idx = 65886
name = "libuuid1"
order = 54
path = "pool/main/u/util-linux/libuuid1_2.41-5_amd64.deb"
hash = "sha256-ECR3RHN8G7V0+WZ7PwajtDpQVcZ738wZRYA0UcwDbbM="
size = 37612

[[specs.abc.installables]]
src = 0
idx = 62068
name = "libsqlite3-0"
order = 55
path = "pool/main/s/sqlite3/libsqlite3-0_3.46.1-7_amd64.deb"
hash = "sha256-iXb8A+IoDk+1XZu1LScjpUqDKEGDaEprJxApNHVqK+Q="
size = 914328

[[specs.abc.installables]]
src = 0
idx = 65879
name = "liblastlog2-2"
order = 56
path = "pool/main/u/util-linux/liblastlog2-2_2.41-5_amd64.deb"
hash = "sha256-/2oxW0GHPelzCywdArNGPhUY8uoOt5DXKtzoQnzojdc="
size = 28464

[[specs.abc.installables]]
src = 0
idx = 3657
name = "libdebconfclient0"
order = 57
path = "pool/main/c/cdebconf/libdebconfclient0_0.280_amd64.deb"
hash = "sha256-JaytyLOUvIbQXfFucJdeUj+Pg5p9jW1eIsHK/c73Qao="
size = 10632

[specs.""]
hash = "blake3-sqieBoO9qINlMOdcy/qe9kc3vsqV7LS3Mo8kmjc4yR4="

[[specs."".installables]]
src = 0
idx = 1895
name = "base-files"
order = 0
path = "pool/main/b/base-files/base-files_13.8+deb13u2_amd64.deb"
hash = "sha256-ZuaoCoh5LYxURnOU9PALVtSdlq480J/a/y9m+VOp1y8="
size = 73248

[[specs."".installables]]
src = 0
idx = 1896
name = "base-passwd"
order = 0
path = "pool/main/b/base-passwd/base-passwd_3.6.7_amd64.deb"
hash = "sha256-zzHGlWq19lgV2dnqFhXE947NKJPDERllgkikdWzug+c="
size = 53712

[[specs."".installables]]
src = 0
idx = 1905
name = "bash"
order = 0
path = "pool/main/b/bash/bash_5.2.37-2+b5_amd64.deb"
hash = "sha256-KXD7c/T7CKXj0odfzDQD3KW1eiL8gCHhAoHJ8Nl2iLY="
size = 1500068

[[specs."".installables]]
src = 0
idx = 65871
name = "bsdutils"
order = 0
path = "pool/main/u/util-linux/bsdutils_2.41-5_amd64.deb"
hash = "sha256-RUhxjC/UFSSGvg3nyrFgJ8rvVnjlLiAOUd7SZfyolik="
size = 110260

[[specs."".installables]]
src = 0
idx = 4971
name = "coreutils"
order = 0
path = "pool/main/c/coreutils/coreutils_9.7-3_amd64.deb"
hash = "sha256-Epmrb5OJoojrL1890iLCbMd3uaLV7LbuTL00DOvNraI="
size = 3023556

[[specs."".installables]]
src = 0
idx = 5768
name = "dash"
order = 0
path = "pool/main/d/dash/dash_0.5.12-12_amd64.deb"
hash = "sha256-qJAstthlATR2SiX7gK7IWJ2FjvcezhaApi6EgWw3uwQ="
size = 98504

[[specs."".installables]]
src = 0
idx = 6371
name = "debianutils"
order = 0
path = "pool/main/d/debianutils/debianutils_5.23.2_amd64.deb"
hash = "sha256-cg5D/aMWZ2B2SYtCJK0zGASd6v5gzHxgEBEEjeA+6X0="
size = 92360

[[specs."".installables]]
src = 0
idx = 6718
name = "diffutils"
order = 0
path = "pool/main/d/diffutils/diffutils_3.10-4_amd64.deb"
hash = "sha256-00EmafeuU7qJXDpQliDqdJTsGjb6ogTFIVRCztOBpHk="
size = 386504

[[specs."".installables]]
src = 0
idx = 7511
name = "dpkg"
order = 0
path = "pool/main/d/dpkg/dpkg_1.22.21_amd64.deb"
hash = "sha256-njJlnO5UryuXJJHqY+Lv9bVnAMTdyx8RFjxedy1vOA4="
size = 1537532

[[specs."".installables]]
src = 0
idx = 9742
name = "findutils"
order = 0
path = "pool/main/f/findutils/findutils_4.10.0-3_amd64.deb"
hash = "sha256-Pt8CsBZFa2qYzv26uZxc5vgpt4b2Ov/pcLreoiGuz8c="
size = 700008

[[specs."".installables]]
src = 0
idx = 19562
name = "grep"
order = 0
path = "pool/main/g/grep/grep_3.11-4_amd64.deb"
hash = "sha256-LXjtB9hqUw6/U48FyyQV83yNr5CFlrwy/CVjzH6IxVo="
size = 431488

[[specs."".installables]]
src = 0
idx = 20158
name = "gzip"
order = 0
path = "pool/main/g/gzip/gzip_1.13-1_amd64.deb"
hash = "sha256-yYsRMPCO9qw5MpcsVr6Ez8MIzhr6NxBcsGqvR87S0Hg="
size = 138408

[[specs."".installables]]
src = 0
idx = 23889
name = "hostname"
order = 0
path = "pool/main/h/hostname/hostname_3.25_amd64.deb"
hash = "sha256-nCon5dTYcTchH+RmMbBbLuiJLsdqrpJjBORIW6AuEBU="
size = 11024

[[specs."".installables]]
src = 0
idx = 24652
name = "init-system-helpers"
order = 0
path = "pool/main/i/init-system-helpers/init-system-helpers_1.69~deb13u1_all.deb"
hash = "sha256-rd94Bz4cvFpVCJN+EdJXEFXimDXgDuj6tSpmd1ZJN48="
size = 39360

[[specs."".installables]]
src = 0
idx = 15960
name = "libc-bin"
order = 0
path = "pool/main/g/glibc/libc-bin_2.41-12_amd64.deb"
hash = "sha256-CAyWq020XiiVJTlz9nY28kJrL7/IN6N+fh117vMR4VM="
size = 636504

[[specs."".installables]]
src = 0
idx = 40580
name = "ncurses-base"
order = 0
path = "pool/main/n/ncurses/ncurses-base_6.5+20250216-2_all.deb"
hash = "sha256-GQ53UmCjiXPEFaNq6Z8zrRs36mypmSnXxdU4Q/wj6RQ="
size = 273216

[[specs."".installables]]
src = 0
idx = 40581
name = "ncurses-bin"
order = 0
path = "pool/main/n/ncurses/ncurses-bin_6.5+20250216-2_amd64.deb"
hash = "sha256-QKUl9HYentS4rc0Xg8uaZGf/gAghWumbNZeCW978YeQ="
size = 438372

[[specs."".installables]]
src = 0
idx = 45714
name = "perl-base"
order = 0
path = "pool/main/p/perl/perl-base_5.40.1-6_amd64.deb"
hash = "sha256-lPEGBhOmZtxWkCaoNEvuICujsp7BJNxu8wv8cuc1x4s="
size = 1665744

[[specs."".installables]]
src = 0
idx = 60730
name = "sed"
order = 0
path = "pool/main/s/sed/sed_4.9-2_amd64.deb"
hash = "sha256-UNF12WjuYmsSEO9ujEPFl7kSyjDySfaGwMIZUy0qU1Q="
size = 329212

[[specs."".installables]]
src = 0
idx = 63222
name = "sysvinit-utils"
order = 0
path = "pool/main/s/sysvinit/sysvinit-utils_3.14-4_amd64.deb"
hash = "sha256-x+lXNg3/iWdbSR5QGwAEfPdQaVF4yrqxZ8kvwmDTWOw="
size = 34060

[[specs."".installables]]
src = 0
idx = 63324
name = "tar"
order = 0
path = "pool/main/t/tar/tar_1.35+dfsg-3.1_amd64.deb"
hash = "sha256-IUwC4aopEHajFHuKTEyuAvrfTGffYpGG4+MTcm+u8d4="
size = 814968

[[specs."".installables]]
src = 0
idx = 65890
name = "util-linux"
order = 0
path = "pool/main/u/util-linux/util-linux_2.41-5_amd64.deb"
hash = "sha256-R/w5P+1BBkKInIYWSSghnAOeW0PYI6oy4duzQe7x2cU="
size = 1234568

[[specs."".installables]]
src = 0
idx = 13354
name = "gcc-14-base"
order = 1
path = "pool/main/g/gcc-14/gcc-14-base_14.2.0-19_amd64.deb"
hash = "sha256-W2gl3kJjgkt4xMUfZHZBTztOicKrY+gdyLm1UB6GfPY="
size = 49432

[[specs."".installables]]
src = 0
idx = 15964
name = "libc6"
order = 2
path = "pool/main/g/glibc/libc6_2.41-12_amd64.deb"
hash = "sha256-bP+AEJfNDrISa2DlM/N6/ceEVu+s3yv65ih38Ax5XQs="
size = 2845840

[[specs."".installables]]
src = 0
idx = 13427
name = "libgcc-s1"
order = 2
path = "pool/main/g/gcc-14/libgcc-s1_14.2.0-19_amd64.deb"
hash = "sha256-PHGRe0kNGheu1DGWonh6JW7PBgUmzbICFqdL7cBhsVA="
size = 72772

[[specs."".installables]]
src = 0
idx = 65876
name = "libblkid1"
order = 3
path = "pool/main/u/util-linux/libblkid1_2.41-5_amd64.deb"
hash = "sha256-vtk/EZQlJOUzgHTEbM43YZd0BjW/B0XMt9JZ4PbOcRc="
size = 171276

[[specs."".installables]]
src = 0
idx = 45505
name = "libpcre2-8-0"
order = 4
path = "pool/main/p/pcre2/libpcre2-8-0_10.46-1~deb13u1_amd64.deb"
hash = "sha256-aqRSr2oH40SYv45zToeJyd1gL7NPElcuYtwbukiJpg4="
size = 298536

[[specs."".installables]]
src = 0
idx = 34575
name = "libselinux1"
order = 5
path = "pool/main/libs/libselinux/libselinux1_3.8.1-1_amd64.deb"
hash = "sha256-aLuNMr2NbX0vWVKhadsD0UhLRq4eUqvM3sQqGdzOpdU="
size = 84680

[[specs."".installables]]
src = 0
idx = 65882
name = "libmount1"
order = 6
path = "pool/main/u/util-linux/libmount1_2.41-5_amd64.deb"
hash = "sha256-zZ78et3SVWBi9tFItQLjimTgjAqyIIBiGc//2GXw9vY="
size = 208788

[[specs."".installables]]
src = 0
idx = 65885
name = "libsmartcols1"
order = 7
path = "pool/main/u/util-linux/libsmartcols1_2.41-5_amd64.deb"
hash = "sha256-IqyL1hjBGCfmnXENqLZj4Hd307CZab2grbloyIblGpc="
size = 142692

[[specs."".installables]]
src = 0
idx = 65888
name = "mount"
order = 8
path = "pool/main/u/util-linux/mount_2.41-5_amd64.deb"
hash = "sha256-LKis6w521Q2NhBXnGM2fH4wXNYu76cViIXfmllQ5wlY="
size = 162040

[[specs."".installables]]
src = 0
idx = 60900
name = "login.defs"
order = 9
path = "pool/main/s/shadow/login.defs_4.17.4-2_all.deb"
hash = "sha256-tLu4JCy/VYjeeq/rnVeKPe4dsokfREq0VP0wvYDM8rQ="
size = 186124

[[specs."".installables]]
src = 0
idx = 1534
name = "libaudit-common"
order = 10
path = "pool/main/a/audit/libaudit-common_4.0.2-2_all.deb"
hash = "sha256-tu3NeqNqKloavSxSlm1pqZ7r22nI9cszy/QVsIdXdeM="
size = 12692

[[specs."".installables]]
src = 0
idx = 28473
name = "libcap-ng0"
order = 11
path = "pool/main/libc/libcap-ng/libcap-ng0_0.8.5-4+b1_amd64.deb"
hash = "sha256-IKnksGGaPrJWYzgiO+0TXd5aYB6qL4/dXyC5RQat3Kw="
size = 17584

[[specs."".installables]]
src = 0
idx = 1536
name = "libaudit1"
order = 12
path = "pool/main/a/audit/libaudit1_4.0.2-2+b2_amd64.deb"
hash = "sha256-5cIAxvnbDQ5XZsXK1mpob0bHZJhoQ1+6lmzbC+WbQvI="
size = 55080

[[specs."".installables]]
src = 0
idx = 36306
name = "libcrypt1"
order = 13
path = "pool/main/libx/libxcrypt/libcrypt1_4.4.38-1_amd64.deb"
hash = "sha256-DrwUTWYuMZeYLRvzp7izXKhF5UxogR3gMosfDXxnWFw="
size = 90072

[[specs."".installables]]
src = 0
idx = 5837
name = "libdb5.3t64"
order = 14
path = "pool/main/d/db5.3/libdb5.3t64_5.3.28+dfsg2-9_amd64.deb"
hash = "sha256-GNAlEO54tn5FBLoFAXZ5eiAP8kIUp80xgIKrYK178/w="
size = 703676

[[specs."".installables]]
src = 0
idx = 5992
name = "debconf"
order = 15
path = "pool/main/d/debconf/debconf_1.5.91_all.deb"
hash = "sha256-Hdx+bFkl90ju+3yoEdmOBJ8YwVi7IfvH4SImLOYBHkk="
size = 121088

[[specs."".installables]]
src = 0
idx = 45127
name = "libpam0g"
order = 16
path = "pool/main/p/pam/libpam0g_1.7.0-5_amd64.deb"
hash = "sha256-T1veJ9jfLebqiZAxm0LZl09Wo7qZB85ylv0PiWT8n7E="
size = 69880

[[specs."".installables]]
src = 0
idx = 28477
name = "libcap2"
order = 17
path = "pool/main/libc/libcap2/libcap2_2.75-10+b1_amd64.deb"
hash = "sha256-jw1195tuao2n03VdXL7i/zCJLeQR43rAPm3umbggfOI="
size = 28752

[[specs."".installables]]
src = 0
idx = 63170
name = "libsystemd0"
order = 18
path = "pool/main/s/systemd/libsystemd0_257.9-1~deb13u1_amd64.deb"
hash = "sha256-fwHk9IkE4zdo2v2a6K/jpcRTxHnTEMKnMul5sih/KTI="
size = 453448

[[specs."".installables]]
src = 0
idx = 45125
name = "libpam-modules-bin"
order = 19
path = "pool/main/p/pam/libpam-modules-bin_1.7.0-5_amd64.deb"
hash = "sha256-zHIGbQCERDF3OOjpMdYTGzAUZrTi3V71uqdfsaRdYac="
size = 49116

[[specs."".installables]]
src = 0
idx = 45124
name = "libpam-modules"
order = 20
path = "pool/main/p/pam/libpam-modules_1.7.0-5_amd64.deb"
hash = "sha256-lnmt4Rf4d1rARx9IqSZSq46NzaTi/wbedRWM3tnP2Dw="
size = 178696

[[specs."".installables]]
src = 0
idx = 45126
name = "libpam-runtime"
order = 21
path = "pool/main/p/pam/libpam-runtime_1.7.0-5_all.deb"
hash = "sha256-sCeSye1hdNtpWmU7le82Kf2sOnO6Hv8XVKsWG1cRv78="
size = 248720

[[specs."".installables]]
src = 0
idx = 65887
name = "login"
order = 22
path = "pool/main/u/util-linux/login_4.16.0-2+really2.41-5_amd64.deb"
hash = "sha256-YobVLraCnmJTqL2Tv4aG+xzuzLA/m0YbslqzXGc5bDU="
size = 112096

[[specs."".installables]]
src = 0
idx = 65279
name = "tzdata"
order = 23
path = "pool/main/t/tzdata/tzdata_2025b-4+deb13u1_all.deb"
hash = "sha256-Gah/UYRQP7Xu/+l71+EH4ZOsKBB3iaHoUzHtk4EEDxc="
size = 259720

[[specs."".installables]]
src = 0
idx = 156
name = "libacl1"
order = 24
path = "pool/main/a/acl/libacl1_2.3.2-2+b1_amd64.deb"
hash = "sha256-CAdPAeOEvAfAwteaWM9KZSP3HPddGAgQHHlhdlbJo50="
size = 32860

[[specs."".installables]]
src = 0
idx = 1503
name = "libattr1"
order = 25
path = "pool/main/a/attr/libattr1_2.5.2-3_amd64.deb"
hash = "sha256-YGte4S6ieGvmB6F/QMH7XmXHbOr/ZmZb34+MbBtx0fs="
size = 22876

[[specs."".installables]]
src = 0
idx = 32169
name = "libmd0"
order = 26
path = "pool/main/libm/libmd/libmd0_1.1.0-2+b1_amd64.deb"
hash = "sha256-ckTsODm2H6wMGIT+CKqgQPJujx818fXTSC6s79MNG0Q="
size = 36272

[[specs."".installables]]
src = 0
idx = 28374
name = "libbsd0"
order = 27
path = "pool/main/libb/libbsd/libbsd0_0.12.2-2_amd64.deb"
hash = "sha256-5ahZhvpr7DMHqxvIYHNrR4szGIK8ReF2dae9+I7stDo="
size = 130968

[[specs."".installables]]
src = 0
idx = 34580
name = "libsemanage-common"
order = 28
path = "pool/main/libs/libsemanage/libsemanage-common_3.8.1-1_all.deb"
hash = "sha256-ZTddiGdJwja9HaTZmQt8JGnS/mYBmijlYU9oFDdtPcs="
size = 7812

[[specs."".installables]]
src = 0
idx = 3162
name = "libbz2-1.0"
order = 29
path = "pool/main/b/bzip2/libbz2-1.0_1.0.8-6_amd64.deb"
hash = "sha256-y6TNoEJEteSBuxVSS8PJg6fRtvMwATubOBcGovy2UxA="
size = 37912

[[specs."".installables]]
src = 0
idx = 34590
name = "libsepol2"
order = 30
path = "pool/main/libs/libsepol/libsepol2_3.8.1-1_amd64.deb"
hash = "sha256-NZXS06bSRpXnlT9PAM3+aXTJJC2ajf7omY53+/eyugk="
size = 295588

[[specs."".installables]]
src = 0
idx = 34582
name = "libsemanage2"
order = 31
path = "pool/main/libs/libsemanage/libsemanage2_3.8.1-1_amd64.deb"
hash = "sha256-+X2nUF0XrTvdj8VjAiVt9+FY5eDYsCy3ZmVBmcvEBqk="
size = 95284

[[specs."".installables]]
src = 0
idx = 60901
name = "passwd"
order = 32
path = "pool/main/s/shadow/passwd_4.17.4-2_amd64.deb"
hash = "sha256-xervQcaUfSiI+jRi94en4CFYuZe9ARkVQoP0JbpXuLg="
size = 1228860

[[specs."".installables]]
src = 0
idx = 38659
name = "mawk"
order = 33
path = "pool/main/m/mawk/mawk_1.3.4.20250131-1_amd64.deb"
hash = "sha256-reFEcMTf+JIbymyoseog6twPIXi0jK/zx0U0sXpjMpI="
size = 140808

[[specs."".installables]]
src = 0
idx = 16259
name = "libgmp10"
order = 34
path = "pool/main/g/gmp/libgmp10_6.3.0+dfsg-3_amd64.deb"
hash = "sha256-0NAmXrAXcPF6/Q98jAYi+AR53Pu+E2U6DevuxhRk5iI="
size = 560220

[[specs."".installables]]
src = 0
idx = 40774
name = "libnettle8t64"
order = 35
path = "pool/main/n/nettle/libnettle8t64_3.10.1-1_amd64.deb"
hash = "sha256-GwPUqc2cgUO6UP5jlvNpN+kBoxfUktF59FloYsFzHP4="
size = 305436

[[specs."".installables]]
src = 0
idx = 40773
name = "libhogweed6t64"
order = 36
path = "pool/main/n/nettle/libhogweed6t64_3.10.1-1_amd64.deb"
hash = "sha256-sFntFVEVrAnaKVMi3kjuHtWO9fpF7cyeEv8OlGNu8l8="
size = 335240

[[specs."".installables]]
src = 0
idx = 59342
name = "sqv"
order = 37
path = "pool/main/r/rust-sequoia-sqv/sqv_1.3.0-3_amd64.deb"
hash = "sha256-rXzObM0LLQmXWSMOfFXYsS+HMniI/+rEDfntBr8zDvc="
size = 660872

[[specs."".installables]]
src = 0
idx = 68203
name = "libxxhash0"
order = 38
path = "pool/main/x/xxhash/libxxhash0_0.8.3-2_amd64.deb"
hash = "sha256-gdpwZNVvwET120uzwegP9QpJhty7+A2VjuylZbRMFX8="
size = 27096

[[specs."".installables]]
src = 0
idx = 38019
name = "liblz4-1"
order = 39
path = "pool/main/l/lz4/liblz4-1_1.10.0-4_amd64.deb"
hash = "sha256-wx7Ex8gnVaOLLz/gZvwMVRjMkaYBomj7zRm9rLHyLh4="
size = 63900

[[specs."".installables]]
src = 0
idx = 68222
name = "liblzma5"
order = 40
path = "pool/main/x/xz-utils/liblzma5_5.8.1-1_amd64.deb"
hash = "sha256-OkuGPmJHixiVkJxdO3GdoDldb+baRvIhjbKwQ24P6JI="
size = 309344

[[specs."".installables]]
src = 0
idx = 36649
name = "libzstd1"
order = 41
path = "pool/main/libz/libzstd/libzstd1_1.5.7+dfsg-1_amd64.deb"
hash = "sha256-L2oq6s/JJeuosArJE5vEv8z4yssJ65PeBnB0smlI7vk="
size = 303836

[[specs."".installables]]
src = 0
idx = 68631
name = "zlib1g"
order = 42
path = "pool/main/z/zlib/zlib1g_1.3.dfsg+really1.3.1-1+b1_amd64.deb"
hash = "sha256-AVvnQNYjatEUWC3qUAwdkH8p4W1tsAVmyjL7aNcayQ0="
size = 88892

[[specs."".installables]]
src = 0
idx = 44513
name = "libssl3t64"
order = 43
path = "pool/main/o/openssl/libssl3t64_3.5.4-1~deb13u1_amd64.deb"
hash = "sha256-f8nwNy+SceqtSdvjc/hYiXhTuwLu9vMPJREs6/L0r9A="
size = 2440776

[[specs."".installables]]
src = 0
idx = 44516
name = "openssl-provider-legacy"
order = 43
path = "pool/main/o/openssl/openssl-provider-legacy_3.5.4-1~deb13u1_amd64.deb"
hash = "sha256-CkADv9JEK4aQjhpibPRhWa81qngwir0xhlFf34x/BWs="
size = 307960

[[specs."".installables]]
src = 0
idx = 13452
name = "libstdc++6"
order = 44
path = "pool/main/g/gcc-14/libstdc++6_14.2.0-19_amd64.deb"
hash = "sha256-qx+gWDeqepKq50j9B6GKNffRi7SnHEck/iu/DjIIneA="
size = 713628

[[specs."".installables]]
src = 0
idx = 63172
name = "libudev1"
order = 45
path = "pool/main/s/systemd/libudev1_257.9-1~deb13u1_amd64.deb"
hash = "sha256-ICASa+yhSQi1B/+7KWbkErkXZVq163cPHOLVziFAA0Q="
size = 151816

[[specs."".installables]]
src = 0
idx = 1071
name = "libapt-pkg7.0"
order = 46
path = "pool/main/a/apt/libapt-pkg7.0_3.0.3_amd64.deb"
hash = "sha256-/cyfeAx95GbH8AOObiQsc8tjyPn+J4GjGFosgQmEqwo="
size = 1112916

[[specs."".installables]]
src = 0
idx = 6009
name = "debian-archive-keyring"
order = 47
path = "pool/main/d/debian-archive-keyring/debian-archive-keyring_2025.1_all.deb"
hash = "sha256-nqd3jkQxRMpJBmhzeoqyLdPnSLuZ6AXiLsBVq+s8f6w="
size = 179244

[[specs."".installables]]
src = 0
idx = 34557
name = "libseccomp2"
order = 48
path = "pool/main/libs/libseccomp/libseccomp2_2.6.0-2_amd64.deb"
hash = "sha256-idUTjgX7aoa5r9i1TcD7SxT0wnwF5sX3Z8ITK9+AhTE="
size = 51712

[[specs."".installables]]
src = 0
idx = 1065
name = "apt"
order = 49
path = "pool/main/a/apt/apt_3.0.3_amd64.deb"
hash = "sha256-VeNB++ktdQLJj68bPCNTk+oHRNsRnPIXNgPpZbZYrvQ="
size = 1452192

[[specs."".installables]]
src = 0
idx = 44514
name = "openssl"
order = 50
path = "pool/main/o/openssl/openssl_3.5.4-1~deb13u1_amd64.deb"
hash = "sha256-wQcRyre9r1b3B8W1W18n5PupAZvXwf8SVArckyLyBq4="
size = 1495192

[[specs."".installables]]
src = 0
idx = 3212
name = "ca-certificates"
order = 51
path = "pool/main/c/ca-certificates/ca-certificates_20250419_all.deb"
hash = "sha256-71kPiVY6pLRsgmDUnRzqD8GxgdGejfN4JpRwat8FwYQ="
size = 161704

[[specs."".installables]]
src = 0
idx = 65886
name = "libuuid1"
order = 52
path = "pool/main/u/util-linux/libuuid1_2.41-5_amd64.deb"
hash = "sha256-ECR3RHN8G7V0+WZ7PwajtDpQVcZ738wZRYA0UcwDbbM="
size = 37612

[[specs."".installables]]
src = 0
idx = 40579
name = "libtinfo6"
order = 53
path = "pool/main/n/ncurses/libtinfo6_6.5+20250216-2_amd64.deb"
hash = "sha256-i59qeYPpQYVk5IpidRjeTAORe1bv5o1/PpO9j/+hzBA="
size = 348380

[[specs."".installables]]
src = 0
idx = 62068
name = "libsqlite3-0"
order = 54
path = "pool/main/s/sqlite3/libsqlite3-0_3.46.1-7_amd64.deb"
hash = "sha256-iXb8A+IoDk+1XZu1LScjpUqDKEGDaEprJxApNHVqK+Q="
size = 914328

[[specs."".installables]]
src = 0
idx = 65879
name = "liblastlog2-2"
order = 55
path = "pool/main/u/util-linux/liblastlog2-2_2.41-5_amd64.deb"
hash = "sha256-/2oxW0GHPelzCywdArNGPhUY8uoOt5DXKtzoQnzojdc="
size = 28464

[[specs."".installables]]
src = 0
idx = 3657
name = "libdebconfclient0"
order = 56
path = "pool/main/c/cdebconf/libdebconfclient0_0.280_amd64.deb"
hash = "sha256-JaytyLOUvIbQXfFucJdeUj+Pg5p9jW1eIsHK/c73Qao="
size = 10632
